
Microsoft Visual Studio Solution File, Format Version 12.00
# Visual Studio 14
VisualStudioVersion = 14.0.22310.1
MinimumVisualStudioVersion = 10.0.40219.1
Project("{2150E333-8FDC-42A3-9474-1A3956D46DE8}") = "src", "src", "{324D7154-07C0-46AC-A746-A19463005792}"
EndProject
Project("{8BB2217D-0F2D-49D1-97BC-3654ED321F3B}") = "CraftingPoE", "src\CraftingPoE\CraftingPoE.kproj", "{13EF1EB5-8811-4C98-926B-89A4F131170D}"
EndProject
Project("{2150E333-8FDC-42A3-9474-1A3956D46DE8}") = "Solution Items", "Solution Items", "{580C54EF-6075-4F7F-8695-3F3FED0EC9E9}"
	ProjectSection(SolutionItems) = preProject
		global.json = global.json
	EndProjectSection
EndProject
Global
	GlobalSection(SolutionConfigurationPlatforms) = preSolution
		Debug|Any CPU = Debug|Any CPU
		Release|Any CPU = Release|Any CPU
	EndGlobalSection
	GlobalSection(ProjectConfigurationPlatforms) = postSolution
		{13EF1EB5-8811-4C98-926B-89A4F131170D}.Debug|Any CPU.ActiveCfg = Debug|Any CPU
		{13EF1EB5-8811-4C98-926B-89A4F131170D}.Debug|Any CPU.Build.0 = Debug|Any CPU
		{13EF1EB5-8811-4C98-926B-89A4F131170D}.Release|Any CPU.ActiveCfg = Release|Any CPU
		{13EF1EB5-8811-4C98-926B-89A4F131170D}.Release|Any CPU.Build.0 = Release|Any CPU
	EndGlobalSection
	GlobalSection(SolutionProperties) = preSolution
		HideSolutionNode = FALSE
	EndGlobalSection
	GlobalSection(NestedProjects) = preSolution
		{13EF1EB5-8811-4C98-926B-89A4F131170D} = {324D7154-07C0-46AC-A746-A19463005792}
	EndGlobalSection
EndGlobal
